Microsoft Visual Studio Solution File, Format Version 12.00
# Visual Studio Version 17
VisualStudioVersion = 17.5.2.0
MinimumVisualStudioVersion = 10.0.40219.1
Project("{FAE04EC0-301F-11D3-BF4B-00C04F79EFBC}") = "DotnetSvelteApp", "DotnetSvelteApp.csproj", "{6E469D94-0FCE-4293-8877-402F82FAD676}"
EndProject
Global
	GlobalSection(SolutionConfigurationPlatforms) = preSolution
		Debug|Any CPU = Debug|Any CPU
		Release|Any CPU = Release|Any CPU
	EndGlobalSection
	GlobalSection(ProjectConfigurationPlatforms) = postSolution
		{6E469D94-0FCE-4293-8877-402F82FAD676}.Debug|Any CPU.ActiveCfg = Debug|Any CPU
		{6E469D94-0FCE-4293-8877-402F82FAD676}.Debug|Any CPU.Build.0 = Debug|Any CPU
		{6E469D94-0FCE-4293-8877-402F82FAD676}.Release|Any CPU.ActiveCfg = Release|Any CPU
		{6E469D94-0FCE-4293-8877-402F82FAD676}.Release|Any CPU.Build.0 = Release|Any CPU
	EndGlobalSection
	GlobalSection(SolutionProperties) = preSolution
		HideSolutionNode = FALSE
	EndGlobalSection
	GlobalSection(ExtensibilityGlobals) = postSolution
		SolutionGuid = {1E4C4A0E-DB29-4883-BFFC-BFE8898E1716}
	EndGlobalSection
EndGlobal
